
Microsoft Visual Studio Solution File, Format Version 12.00
# Visual Studio Version 17
VisualStudioVersion = 17.5.33530.505
MinimumVisualStudioVersion = 10.0.40219.1
Project("{FAE04EC0-301F-11D3-BF4B-00C04F79EFBC}") = "GameSimulator", "GameSimulator\GameSimulator.csproj", "{074E8E7E-EA4C-48BD-BFB7-80648D9C6F6A}"
EndProject
Project("{FAE04EC0-301F-11D3-BF4B-00C04F79EFBC}") = "ObjectLibrary", "ObjectLibrary\ObjectLibrary.csproj", "{DC2A829D-FB8A-4928-90DD-AB2F70A1BAD9}"
EndProject
Global
	GlobalSection(SolutionConfigurationPlatforms) = preSolution
		Debug|Any CPU = Debug|Any CPU
		Release|Any CPU = Release|Any CPU
	EndGlobalSection
	GlobalSection(ProjectConfigurationPlatforms) = postSolution
		{074E8E7E-EA4C-48BD-BFB7-80648D9C6F6A}.Debug|Any CPU.ActiveCfg = Debug|Any CPU
		{074E8E7E-EA4C-48BD-BFB7-80648D9C6F6A}.Debug|Any CPU.Build.0 = Debug|Any CPU
		{074E8E7E-EA4C-48BD-BFB7-80648D9C6F6A}.Release|Any CPU.ActiveCfg = Release|Any CPU
		{074E8E7E-EA4C-48BD-BFB7-80648D9C6F6A}.Release|Any CPU.Build.0 = Release|Any CPU
		{DC2A829D-FB8A-4928-90DD-AB2F70A1BAD9}.Debug|Any CPU.ActiveCfg = Debug|Any CPU
		{DC2A829D-FB8A-4928-90DD-AB2F70A1BAD9}.Debug|Any CPU.Build.0 = Debug|Any CPU
		{DC2A829D-FB8A-4928-90DD-AB2F70A1BAD9}.Release|Any CPU.ActiveCfg = Release|Any CPU
		{DC2A829D-FB8A-4928-90DD-AB2F70A1BAD9}.Release|Any CPU.Build.0 = Release|Any CPU
	EndGlobalSection
	GlobalSection(SolutionProperties) = preSolution
		HideSolutionNode = FALSE
	EndGlobalSection
	GlobalSection(ExtensibilityGlobals) = postSolution
		SolutionGuid = {1638AF1B-1F5B-4CBE-871B-E4DF765AEDB2}
	EndGlobalSection
EndGlobal
